// !$*UTF8*$!
{
	archiveVersion = 1;
	classes = {
	};
	objectVersion = 48;
	objects = {

/* Begin PBXBuildFile section */
		5AF1021A206CCDBA00AFCF66 /* AppDelegate.swift in Sources */ = {isa = PBXBuildFile; fileRef = 5AF10219206CCDBA00AFCF66 /* AppDelegate.swift */; };
		5AF1021C206CCDBA00AFCF66 /* ViewController.swift in Sources */ = {isa = PBXBuildFile; fileRef = 5AF1021B206CCDBA00AFCF66 /* ViewController.swift */; };
		5AF1021F206CCDBA00AFCF66 /* Main.storyboard in Resources */ = {isa = PBXBuildFile; fileRef = 5AF1021D206CCDBA00AFCF66 /* Main.storyboard */; };
		5AF10221206CCDBA00AFCF66 /* Assets.xcassets in Resources */ = {isa = PBXBuildFile; fileRef = 5AF10220206CCDBA00AFCF66 /* Assets.xcassets */; };
		5AF10224206CCDBA00AFCF66 /* LaunchScreen.storyboard in Resources */ = {isa = PBXBuildFile; fileRef = 5AF10222206CCDBA00AFCF66 /* LaunchScreen.storyboard */; };
/* End PBXBuildFile section */

/* Begin PBXFileReference section */
		5AF10216206CCDBA00AFCF66 /* BLE_central.app */ = {isa = PBXFileReference; explicitFileType = wrapper.application; includeInIndex = 0; path = BLE_central.app; sourceTree = BUILT_PRODUCTS_DIR; };
		5AF10219206CCDBA00AFCF66 /* AppDelegate.swift */ = {isa = PBXFileReference; lastKnownFileType = sourcecode.swift; path = AppDelegate.swift; sourceTree = "<group>"; };
		5AF1021B206CCDBA00AFCF66 /* ViewController.swift */ = {isa = PBXFileReference; lastKnownFileType = sourcecode.swift; path = ViewController.swift; sourceTree = "<group>"; };
		5AF1021E206CCDBA00AFCF66 /* Base */ = {isa = PBXFileReference; lastKnownFileType = file.storyboard; name = Base; path = Base.lproj/Main.storyboard; sourceTree = "<group>"; };
		5AF10220206CCDBA00AFCF66 /* Assets.xcassets */ = {isa = PBXFileReference; lastKnownFileType = folder.assetcatalog; path = Assets.xcassets; sourceTree = "<group>"; };
		5AF10223206CCDBA00AFCF66 /* Base */ = {isa = PBXFileReference; lastKnownFileType = file.storyboard; name = Base; path = Base.lproj/LaunchScreen.storyboard; sourceTree = "<group>"; };
		5AF10225206CCDBA00AFCF66 /* Info.plist */ = {isa = PBXFileReference; lastKnownFileType = text.plist.xml; path = Info.plist; sourceTree = "<group>"; };
/* End PBXFileReference section */

/* Begin PBXFrameworksBuildPhase section */
		5AF10213206CCDBA00AFCF66 /* Frameworks */ = {
			isa = PBXFrameworksBuildPhase;
			buildActionMask = 2147483647;
			files = (
			);
			runOnlyForDeploymentPostprocessing = 0;
		};
/* End PBXFrameworksBuildPhase section */

/* Begin PBXGroup section */
		5AF1020D206CCDBA00AFCF66 = {
			isa = PBXGroup;
			children = (
				5AF10218206CCDBA00AFCF66 /* BLE_central */,
				5AF10217206CCDBA00AFCF66 /* Products */,
			);
			sourceTree = "<group>";
		};
		5AF10217206CCDBA00AFCF66 /* Products */ = {
			isa = PBXGroup;
			children = (
				5AF10216206CCDBA00AFCF66 /* BLE_central.app */,
			);
			name = Products;
			sourceTree = "<group>";
		};
		5AF10218206CCDBA00AFCF66 /* BLE_central */ = {
			isa = PBXGroup;
			children = (
				5AF10219206CCDBA00AFCF66 /* AppDelegate.swift */,
				5AF1021B206CCDBA00AFCF66 /* ViewController.swift */,
				5AF1021D206CCDBA00AFCF66 /* Main.storyboard */,
				5AF10220206CCDBA00AFCF66 /* Assets.xcassets */,
				5AF10222206CCDBA00AFCF66 /* LaunchScreen.storyboard */,
				5AF10225206CCDBA00AFCF66 /* Info.plist */,
			);
			path = BLE_central;
			sourceTree = "<group>";
		};
/* End PBXGroup section */

/* Begin PBXNativeTarget section */
		5AF10215206CCDBA00AFCF66 /* BLE_central */ = {
			isa = PBXNativeTarget;
			buildConfigurationList = 5AF10228206CCDBA00AFCF66 /* Build configuration list for PBXNativeTarget "BLE_central" */;
			buildPhases = (
				5AF10212206CCDBA00AFCF66 /* Sources */,
				5AF10213206CCDBA00AFCF66 /* Frameworks */,
				5AF10214206CCDBA00AFCF66 /* Resources */,
			);
			buildRules = (
			);
			dependencies = (
			);
			name = BLE_central;
			productName = BLE_central;
			productReference = 5AF10216206CCDBA00AFCF66 /* BLE_central.app */;
			productType = "com.apple.product-type.application";
		};
/* End PBXNativeTarget section */

/* Begin PBXProject section */
		5AF1020E206CCDBA00AFCF66 /* Project object */ = {
			isa = PBXProject;
			attributes = {
				LastSwiftUpdateCheck = 0920;
				LastUpgradeCheck = 0920;
				ORGANIZATIONNAME = zerozero;
				TargetAttributes = {
					5AF10215206CCDBA00AFCF66 = {
						CreatedOnToolsVersion = 9.2;
						ProvisioningStyle = Automatic;
					};
				};
			};
			buildConfigurationList = 5AF10211206CCDBA00AFCF66 /* Build configuration list for PBXProject "BLE_central" */;
			compatibilityVersion = "Xcode 8.0";
			developmentRegion = en;
			hasScannedForEncodings = 0;
			knownRegions = (
				en,
				Base,
			);
			mainGroup = 5AF1020D206CCDBA00AFCF66;
			productRefGroup = 5AF10217206CCDBA00AFCF66 /* Products */;
			projectDirPath = "";
			projectRoot = "";
			targets = (
				5AF10215206CCDBA00AFCF66 /* BLE_central */,
			);
		};
/* End PBXProject section */

/* Begin PBXResourcesBuildPhase section */
		5AF10214206CCDBA00AFCF66 /* Resources */ = {
			isa = PBXResourcesBuildPhase;
			buildActionMask = 2147483647;
			files = (
				5AF10224206CCDBA00AFCF66 /* LaunchScreen.storyboard in Resources */,
				5AF10221206CCDBA00AFCF66 /* Assets.xcassets in Resources */,
				5AF1021F206CCDBA00AFCF66 /* Main.storyboard in Resources */,
			);
			runOnlyForDeploymentPostprocessing = 0;
		};
/* End PBXResourcesBuildPhase section */

/* Begin PBXSourcesBuildPhase section */
		5AF10212206CCDBA00AFCF66 /* Sources */ = {
			isa = PBXSourcesBuildPhase;
			buildActionMask = 2147483647;
			files = (
				5AF1021C206CCDBA00AFCF66 /* ViewController.swift in Sources */,
				5AF1021A206CCDBA00AFCF66 /* AppDelegate.swift in Sources */,
			);
			runOnlyForDeploymentPostprocessing = 0;
		};
/* End PBXSourcesBuildPhase section */

/* Begin PBXVariantGroup section */
		5AF1021D206CCDBA00AFCF66 /* Main.storyboard */ = {
			isa = PBXVariantGroup;
			children = (
				5AF1021E206CCDBA00AFCF66 /* Base */,
			);
			name = Main.storyboard;
			sourceTree = "<group>";
		};
		5AF10222206CCDBA00AFCF66 /* LaunchScreen.storyboard */ = {
			isa = PBXVariantGroup;
			children = (
				5AF10223206CCDBA00AFCF66 /* Base */,
			);
			name = LaunchScreen.storyboard;
			sourceTree = "<group>";
		};
/* End PBXVariantGroup section */

/* Begin XCBuildConfiguration section */
		5AF10226206CCDBA00AFCF66 /* Debug */ = {
			isa = XCBuildConfiguration;
			buildSettings = {
				ALWAYS_SEARCH_USER_PATHS = NO;
				CLANG_ANALYZER_NONNULL = YES;
				CLANG_ANALYZER_NUMBER_OBJECT_CONVERSION = YES_AGGRESSIVE;
				CLANG_CXX_LANGUAGE_STANDARD = "gnu++14";
				CLANG_CXX_LIBRARY = "libc++";
				CLANG_ENABLE_MODULES = YES;
				CLANG_ENABLE_OBJC_ARC = YES;
				CLANG_WARN_BLOCK_CAPTURE_AUTORELEASING = YES;
				CLANG_WARN_BOOL_CONVERSION = YES;
				CLANG_WARN_COMMA = YES;
				CLANG_WARN_CONSTANT_CONVERSION = YES;
				CLANG_WARN_DIRECT_OBJC_ISA_USAGE = YES_ERROR;
				CLANG_WARN_DOCUMENTATION_COMMENTS = YES;
				CLANG_WARN_EMPTY_BODY = YES;
				CLANG_WARN_ENUM_CONVERSION = YES;
				CLANG_WARN_INFINITE_RECURSION = YES;
				CLANG_WARN_INT_CONVERSION = YES;
				CLANG_WARN_NON_LITERAL_NULL_CONVERSION = YES;
				CLANG_WARN_OBJC_LITERAL_CONVERSION = YES;
				CLANG_WARN_OBJC_ROOT_CLASS = YES_ERROR;
				CLANG_WARN_RANGE_LOOP_ANALYSIS = YES;
				CLANG_WARN_STRICT_PROTOTYPES = YES;
				CLANG_WARN_SUSPICIOUS_MOVE = YES;
				CLANG_WARN_UNGUARDED_AVAILABILITY = YES_AGGRESSIVE;
				CLANG_WARN_UNREACHABLE_CODE = YES;
				CLANG_WARN__DUPLICATE_METHOD_MATCH = YES;
				CODE_SIGN_IDENTITY = "iPhone Developer";
				COPY_PHASE_STRIP = NO;
				DEBUG_INFORMATION_FORMAT = dwarf;
				ENABLE_STRICT_OBJC_MSGSEND = YES;
				ENABLE_TESTABILITY = YES;
				GCC_C_LANGUAGE_STANDARD = gnu11;
				GCC_DYNAMIC_NO_PIC = NO;
				GCC_NO_COMMON_BLOCKS = YES;
				GCC_OPTIMIZATION_LEVEL = 0;
				GCC_PREPROCESSOR_DEFINITIONS = (
					"DEBUG=1",
					"$(inherited)",
				);
				GCC_WARN_64_TO_32_BIT_CONVERSION = YES;
				GCC_WARN_ABOUT_RETURN_TYPE = YES_ERROR;
				GCC_WARN_UNDECLARED_SELECTOR = YES;
				GCC_WARN_UNINITIALIZED_AUTOS = YES_AGGRESSIVE;
				GCC_WARN_UNUSED_FUNCTION = YES;
				GCC_WARN_UNUSED_VARIABLE = YES;
				IPHONEOS_DEPLOYMENT_TARGET = 11.2;
				MTL_ENABLE_DEBUG_INFO = YES;
				ONLY_ACTIVE_ARCH = YES;
				SDKROOT = iphoneos;
				SWIFT_ACTIVE_COMPILATION_CONDITIONS = DEBUG;
				SWIFT_OPTIMIZATION_LEVEL = "-Onone";
			};
			name = Debug;
		};
		5AF10227206CCDBA00AFCF66 /* Release */ = {
			isa = XCBuildConfiguration;
			buildSettings = {
				ALWAYS_SEARCH_USER_PATHS = NO;
				CLANG_ANALYZER_NONNULL = YES;
				CLANG_ANALYZER_NUMBER_OBJECT_CONVERSION = YES_AGGRESSIVE;
				CLANG_CXX_LANGUAGE_STANDARD = "gnu++14";
				CLANG_CXX_LIBRARY = "libc++";
				CLANG_ENABLE_MODULES = YES;
				CLANG_ENABLE_OBJC_ARC = YES;
				CLANG_WARN_BLOCK_CAPTURE_AUTORELEASING = YES;
				CLANG_WARN_BOOL_CONVERSION = YES;
				CLANG_WARN_COMMA = YES;
				CLANG_WARN_CONSTANT_CONVERSION = YES;
				CLANG_WARN_DIRECT_OBJC_ISA_USAGE = YES_ERROR;
				CLANG_WARN_DOCUMENTATION_COMMENTS = YES;
				CLANG_WARN_EMPTY_BODY = YES;
				CLANG_WARN_ENUM_CONVERSION = YES;
				CLANG_WARN_INFINITE_RECURSION = YES;
				CLANG_WARN_INT_CONVERSION = YES;
				CLANG_WARN_NON_LITERAL_NULL_CONVERSION = YES;
				CLANG_WARN_OBJC_LITERAL_CONVERSION = YES;
				CLANG_WARN_OBJC_ROOT_CLASS = YES_ERROR;
				CLANG_WARN_RANGE_LOOP_ANALYSIS = YES;
				CLANG_WARN_STRICT_PROTOTYPES = YES;
				CLANG_WARN_SUSPICIOUS_MOVE = YES;
				CLANG_WARN_UNGUARDED_AVAILABILITY = YES_AGGRESSIVE;
				CLANG_WARN_UNREACHABLE_CODE = YES;
				CLANG_WARN__DUPLICATE_METHOD_MATCH = YES;
				CODE_SIGN_IDENTITY = "iPhone Developer";
				COPY_PHASE_STRIP = NO;
				DEBUG_INFORMATION_FORMAT = "dwarf-with-dsym";
				ENABLE_NS_ASSERTIONS = NO;
				ENABLE_STRICT_OBJC_MSGSEND = YES;
				GCC_C_LANGUAGE_STANDARD = gnu11;
				GCC_NO_COMMON_BLOCKS = YES;
				GCC_WARN_64_TO_32_BIT_CONVERSION = YES;
				GCC_WARN_ABOUT_RETURN_TYPE = YES_ERROR;
				GCC_WARN_UNDECLARED_SELECTOR = YES;
				GCC_WARN_UNINITIALIZED_AUTOS = YES_AGGRESSIVE;
				GCC_WARN_UNUSED_FUNCTION = YES;
				GCC_WARN_UNUSED_VARIABLE = YES;
				IPHONEOS_DEPLOYMENT_TARGET = 11.2;
				MTL_ENABLE_DEBUG_INFO = NO;
				SDKROOT = iphoneos;
				SWIFT_OPTIMIZATION_LEVEL = "-Owholemodule";
				VALIDATE_PRODUCT = YES;
			};
			name = Release;
		};
		5AF10229206CCDBA00AFCF66 /* Debug */ = {
			isa = XCBuildConfiguration;
			buildSettings = {
				ASSETCATALOG_COMPILER_APPICON_NAME = AppIcon;
				CODE_SIGN_STYLE = Automatic;
				DEVELOPMENT_TEAM = MDZ35D8R56;
				INFOPLIST_FILE = BLE_central/Info.plist;
				LD_RUNPATH_SEARCH_PATHS = "$(inherited) @executable_path/Frameworks";
				PRODUCT_BUNDLE_IDENTIFIER = "com.zerozero.BLE-central";
				PRODUCT_NAME = "$(TARGET_NAME)";
				SWIFT_VERSION = 4.0;
				TARGETED_DEVICE_FAMILY = "1,2";
			};
			name = Debug;
		};
		5AF1022A206CCDBA00AFCF66 /* Release */ = {
			isa = XCBuildConfiguration;
			buildSettings = {
				ASSETCATALOG_COMPILER_APPICON_NAME = AppIcon;
				CODE_SIGN_STYLE = Automatic;
				DEVELOPMENT_TEAM = MDZ35D8R56;
				INFOPLIST_FILE = BLE_central/Info.plist;
				LD_RUNPATH_SEARCH_PATHS = "$(inherited) @executable_path/Frameworks";
				PRODUCT_BUNDLE_IDENTIFIER = "com.zerozero.BLE-central";
				PRODUCT_NAME = "$(TARGET_NAME)";
				SWIFT_VERSION = 4.0;
				TARGETED_DEVICE_FAMILY = "1,2";
			};
			name = Release;
		};
/* End XCBuildConfiguration section */

/* Begin XCConfigurationList section */
		5AF10211206CCDBA00AFCF66 /* Build configuration list for PBXProject "BLE_central" */ = {
			isa = XCConfigurationList;
			buildConfigurations = (
				5AF10226206CCDBA00AFCF66 /* Debug */,
				5AF10227206CCDBA00AFCF66 /* Release */,
			);
			defaultConfigurationIsVisible = 0;
			defaultConfigurationName = Release;
		};
		5AF10228206CCDBA00AFCF66 /* Build configuration list for PBXNativeTarget "BLE_central" */ = {
			isa = XCConfigurationList;
			buildConfigurations = (
				5AF10229206CCDBA00AFCF66 /* Debug */,
				5AF1022A206CCDBA00AFCF66 /* Release */,
			);
			defaultConfigurationIsVisible = 0;
			defaultConfigurationName = Release;
		};
/* End XCConfigurationList section */
	};
	rootObject = 5AF1020E206CCDBA00AFCF66 /* Project object */;
}
